
Microsoft Visual Studio Solution File, Format Version 12.00
# Visual Studio Version 17
VisualStudioVersion = 17.6.33815.320
MinimumVisualStudioVersion = 10.0.40219.1
Project("{FAE04EC0-301F-11D3-BF4B-00C04F79EFBC}") = "DojoKitao.Data", "DojoKitao.Data\DojoKitao.Data.csproj", "{CA69B370-7C8F-45E1-A2A1-29DB1E779EAB}"
EndProject
Global
	GlobalSection(SolutionConfigurationPlatforms) = preSolution
		Debug|Any CPU = Debug|Any CPU
		Release|Any CPU = Release|Any CPU
	EndGlobalSection
	GlobalSection(ProjectConfigurationPlatforms) = postSolution
		{CA69B370-7C8F-45E1-A2A1-29DB1E779EAB}.Debug|Any CPU.ActiveCfg = Debug|Any CPU
		{CA69B370-7C8F-45E1-A2A1-29DB1E779EAB}.Debug|Any CPU.Build.0 = Debug|Any CPU
		{CA69B370-7C8F-45E1-A2A1-29DB1E779EAB}.Release|Any CPU.ActiveCfg = Release|Any CPU
		{CA69B370-7C8F-45E1-A2A1-29DB1E779EAB}.Release|Any CPU.Build.0 = Release|Any CPU
	EndGlobalSection
	GlobalSection(SolutionProperties) = preSolution
		HideSolutionNode = FALSE
	EndGlobalSection
	GlobalSection(ExtensibilityGlobals) = postSolution
		SolutionGuid = {DF09AF8E-BA54-4F1A-B070-E2D54EFE456C}
	EndGlobalSection
EndGlobal
