
Microsoft Visual Studio Solution File, Format Version 12.00
# Visual Studio Version 17
VisualStudioVersion = 17.6.33815.320
MinimumVisualStudioVersion = 10.0.40219.1
Project("{FAE04EC0-301F-11D3-BF4B-00C04F79EFBC}") = "DojoKitao.Data", "DojoKitao.Data\DojoKitao.Data.csproj", "{CA69B370-7C8F-45E1-A2A1-29DB1E779EAB}"
EndProject
Project("{2150E333-8FDC-42A3-9474-1A3956D46DE8}") = "src", "src", "{2AC61E78-D32E-4787-977C-088617499200}"
EndProject
Project("{FAE04EC0-301F-11D3-BF4B-00C04F79EFBC}") = "DojoKitao.Api", "DojoKitao.Api\DojoKitao.Api.csproj", "{10418FDF-3FD3-482B-8D9D-D678179D7CD4}"
EndProject
Global
	GlobalSection(SolutionConfigurationPlatforms) = preSolution
		Debug|Any CPU = Debug|Any CPU
		Release|Any CPU = Release|Any CPU
	EndGlobalSection
	GlobalSection(ProjectConfigurationPlatforms) = postSolution
		{CA69B370-7C8F-45E1-A2A1-29DB1E779EAB}.Debug|Any CPU.ActiveCfg = Debug|Any CPU
		{CA69B370-7C8F-45E1-A2A1-29DB1E779EAB}.Debug|Any CPU.Build.0 = Debug|Any CPU
		{CA69B370-7C8F-45E1-A2A1-29DB1E779EAB}.Release|Any CPU.ActiveCfg = Release|Any CPU
		{CA69B370-7C8F-45E1-A2A1-29DB1E779EAB}.Release|Any CPU.Build.0 = Release|Any CPU
		{10418FDF-3FD3-482B-8D9D-D678179D7CD4}.Debug|Any CPU.ActiveCfg = Debug|Any CPU
		{10418FDF-3FD3-482B-8D9D-D678179D7CD4}.Debug|Any CPU.Build.0 = Debug|Any CPU
		{10418FDF-3FD3-482B-8D9D-D678179D7CD4}.Release|Any CPU.ActiveCfg = Release|Any CPU
		{10418FDF-3FD3-482B-8D9D-D678179D7CD4}.Release|Any CPU.Build.0 = Release|Any CPU
	EndGlobalSection
	GlobalSection(SolutionProperties) = preSolution
		HideSolutionNode = FALSE
	EndGlobalSection
	GlobalSection(NestedProjects) = preSolution
		{CA69B370-7C8F-45E1-A2A1-29DB1E779EAB} = {2AC61E78-D32E-4787-977C-088617499200}
		{10418FDF-3FD3-482B-8D9D-D678179D7CD4} = {2AC61E78-D32E-4787-977C-088617499200}
	EndGlobalSection
	GlobalSection(ExtensibilityGlobals) = postSolution
		SolutionGuid = {DF09AF8E-BA54-4F1A-B070-E2D54EFE456C}
	EndGlobalSection
EndGlobal
